
Microsoft Visual Studio Solution File, Format Version 12.00
# Visual Studio Version 16
VisualStudioVersion = 16.0.31313.79
MinimumVisualStudioVersion = 10.0.40219.1
Project("{9A19103F-16F7-4668-BE54-9A1E7A4F7556}") = "Tetris", "Tetris\Tetris.csproj", "{E74568C3-5E0B-47B9-9227-8041242C0510}"
EndProject
Global
	GlobalSection(SolutionConfigurationPlatforms) = preSolution
		ARM|Any CPU = ARM|Any CPU
		ARM|ARM64 = ARM|ARM64
		Debug|Any CPU = Debug|Any CPU
		Debug|ARM64 = Debug|ARM64
		Release|Any CPU = Release|Any CPU
		Release|ARM64 = Release|ARM64
	EndGlobalSection
	GlobalSection(ProjectConfigurationPlatforms) = postSolution
		{E74568C3-5E0B-47B9-9227-8041242C0510}.ARM|Any CPU.ActiveCfg = ARM|Any CPU
		{E74568C3-5E0B-47B9-9227-8041242C0510}.ARM|Any CPU.Build.0 = ARM|Any CPU
		{E74568C3-5E0B-47B9-9227-8041242C0510}.ARM|ARM64.ActiveCfg = ARM|ARM64
		{E74568C3-5E0B-47B9-9227-8041242C0510}.ARM|ARM64.Build.0 = ARM|ARM64
		{E74568C3-5E0B-47B9-9227-8041242C0510}.Debug|Any CPU.ActiveCfg = Debug|Any CPU
		{E74568C3-5E0B-47B9-9227-8041242C0510}.Debug|Any CPU.Build.0 = Debug|Any CPU
		{E74568C3-5E0B-47B9-9227-8041242C0510}.Debug|ARM64.ActiveCfg = Debug|ARM64
		{E74568C3-5E0B-47B9-9227-8041242C0510}.Debug|ARM64.Build.0 = Debug|ARM64
		{E74568C3-5E0B-47B9-9227-8041242C0510}.Release|Any CPU.ActiveCfg = Release|Any CPU
		{E74568C3-5E0B-47B9-9227-8041242C0510}.Release|Any CPU.Build.0 = Release|Any CPU
		{E74568C3-5E0B-47B9-9227-8041242C0510}.Release|ARM64.ActiveCfg = Release|ARM64
		{E74568C3-5E0B-47B9-9227-8041242C0510}.Release|ARM64.Build.0 = Release|ARM64
	EndGlobalSection
	GlobalSection(SolutionProperties) = preSolution
		HideSolutionNode = FALSE
	EndGlobalSection
	GlobalSection(ExtensibilityGlobals) = postSolution
		SolutionGuid = {B2E35D57-A96E-45D5-8468-EEB86FF1E169}
	EndGlobalSection
EndGlobal
