
Microsoft Visual Studio Solution File, Format Version 12.00
# Visual Studio Version 16
VisualStudioVersion = 16.0.31313.79
MinimumVisualStudioVersion = 10.0.40219.1
Project("{FAE04EC0-301F-11D3-BF4B-00C04F79EFBC}") = "Tetris", "Tetris\Tetris.csproj", "{E74568C3-5E0B-47B9-9227-8041242C0510}"
EndProject
Global
	GlobalSection(SolutionConfigurationPlatforms) = preSolution
		Debug|Any CPU = Debug|Any CPU
		Release|Any CPU = Release|Any CPU
	EndGlobalSection
	GlobalSection(ProjectConfigurationPlatforms) = postSolution
		{E74568C3-5E0B-47B9-9227-8041242C0510}.Debug|Any CPU.ActiveCfg = Debug|Any CPU
		{E74568C3-5E0B-47B9-9227-8041242C0510}.Debug|Any CPU.Build.0 = Debug|Any CPU
		{E74568C3-5E0B-47B9-9227-8041242C0510}.Release|Any CPU.ActiveCfg = Release|Any CPU
		{E74568C3-5E0B-47B9-9227-8041242C0510}.Release|Any CPU.Build.0 = Release|Any CPU
	EndGlobalSection
	GlobalSection(SolutionProperties) = preSolution
		HideSolutionNode = FALSE
	EndGlobalSection
	GlobalSection(ExtensibilityGlobals) = postSolution
		SolutionGuid = {B2E35D57-A96E-45D5-8468-EEB86FF1E169}
	EndGlobalSection
EndGlobal
